
Microsoft Visual Studio Solution File, Format Version 12.00
# Visual Studio Version 16
VisualStudioVersion = 16.0.33423.256
MinimumVisualStudioVersion = 10.0.40219.1
Project("{FAE04EC0-301F-11D3-BF4B-00C04F79EFBC}") = "Dependency injection", "Dependency injection\Dependency injection.csproj", "{961B1B2B-D480-43DD-86DE-9B856632BA5E}"
EndProject
Global
	GlobalSection(SolutionConfigurationPlatforms) = preSolution
		Debug|Any CPU = Debug|Any CPU
		Release|Any CPU = Release|Any CPU
	EndGlobalSection
	GlobalSection(ProjectConfigurationPlatforms) = postSolution
		{961B1B2B-D480-43DD-86DE-9B856632BA5E}.Debug|Any CPU.ActiveCfg = Debug|Any CPU
		{961B1B2B-D480-43DD-86DE-9B856632BA5E}.Debug|Any CPU.Build.0 = Debug|Any CPU
		{961B1B2B-D480-43DD-86DE-9B856632BA5E}.Release|Any CPU.ActiveCfg = Release|Any CPU
		{961B1B2B-D480-43DD-86DE-9B856632BA5E}.Release|Any CPU.Build.0 = Release|Any CPU
	EndGlobalSection
	GlobalSection(SolutionProperties) = preSolution
		HideSolutionNode = FALSE
	EndGlobalSection
	GlobalSection(ExtensibilityGlobals) = postSolution
		SolutionGuid = {20A41C08-F34B-4229-A3C3-71B932F6443E}
	EndGlobalSection
EndGlobal
